
Microsoft Visual Studio Solution File, Format Version 12.00
# Visual Studio 15
VisualStudioVersion = 15.0.28307.168
MinimumVisualStudioVersion = 10.0.40219.1
Project("{FAE04EC0-301F-11D3-BF4B-00C04F79EFBC}") = "Quixo", "Quixo.csproj", "{37CA18EF-691F-4401-9F83-509C6BEE9A4E}"
EndProject
Global
	GlobalSection(SolutionConfigurationPlatforms) = preSolution
		Debug|Any CPU = Debug|Any CPU
		Release|Any CPU = Release|Any CPU
	EndGlobalSection
	GlobalSection(ProjectConfigurationPlatforms) = postSolution
		{37CA18EF-691F-4401-9F83-509C6BEE9A4E}.Debug|Any CPU.ActiveCfg = Debug|Any CPU
		{37CA18EF-691F-4401-9F83-509C6BEE9A4E}.Debug|Any CPU.Build.0 = Debug|Any CPU
		{37CA18EF-691F-4401-9F83-509C6BEE9A4E}.Release|Any CPU.ActiveCfg = Release|Any CPU
		{37CA18EF-691F-4401-9F83-509C6BEE9A4E}.Release|Any CPU.Build.0 = Release|Any CPU
	EndGlobalSection
	GlobalSection(SolutionProperties) = preSolution
		HideSolutionNode = FALSE
	EndGlobalSection
	GlobalSection(ExtensibilityGlobals) = postSolution
		SolutionGuid = {B5431ED1-F6F4-45B9-ACFC-59D222931E42}
	EndGlobalSection
EndGlobal
